github.com/eralmendral/Go-Package-A v0.0.0-20250114161722-b28282daf8c9 h1:hE2UTKB/HcQXUBZyNF88C+uc/p6BI6QLoqQQn7n5Dbs=
github.com/eralmendral/Go-Package-A v0.0.0-20250114161722-b28282daf8c9/go.mod h1:kB8msZVqLNrHuKkHef5ZcIggivwSkPVYypXFQRJCKjc=
github.com/eralmendral/Kaizen v0.0.0-20250114160000-3cc6f3fa982d h1:Q4McvcO3eDcnZZsEXtb1CjTQ8ZGET4aBQD/Z/0waH1w=
github.com/eralmendral/Kaizen v0.0.0-20250114160000-3cc6f3fa982d/go.mod h1:ucijvpDHRHMPP8O9toZ+NOMHM0Y12Br70DvxEUF+vaU=
